
Microsoft Visual Studio Solution File, Format Version 12.00
# Visual Studio Version 16
VisualStudioVersion = 16.0.31313.79
MinimumVisualStudioVersion = 10.0.40219.1
Project("{9A19103F-16F7-4668-BE54-9A1E7A4F7556}") = "Dshops1", "Dshops1\Dshops1.csproj", "{18710A18-0758-4D43-8D8A-CEC6C9C41263}"
EndProject
Global
	GlobalSection(SolutionConfigurationPlatforms) = preSolution
		Debug|Any CPU = Debug|Any CPU
		Release|Any CPU = Release|Any CPU
	EndGlobalSection
	GlobalSection(ProjectConfigurationPlatforms) = postSolution
		{18710A18-0758-4D43-8D8A-CEC6C9C41263}.Debug|Any CPU.ActiveCfg = Debug|Any CPU
		{18710A18-0758-4D43-8D8A-CEC6C9C41263}.Debug|Any CPU.Build.0 = Debug|Any CPU
		{18710A18-0758-4D43-8D8A-CEC6C9C41263}.Release|Any CPU.ActiveCfg = Release|Any CPU
		{18710A18-0758-4D43-8D8A-CEC6C9C41263}.Release|Any CPU.Build.0 = Release|Any CPU
	EndGlobalSection
	GlobalSection(SolutionProperties) = preSolution
		HideSolutionNode = FALSE
	EndGlobalSection
	GlobalSection(ExtensibilityGlobals) = postSolution
		SolutionGuid = {6F288E89-AF94-4908-BCB9-E36935F0A417}
	EndGlobalSection
EndGlobal
